
Microsoft Visual Studio Solution File, Format Version 12.00
# Visual Studio Version 16
VisualStudioVersion = 16.0.32002.261
MinimumVisualStudioVersion = 10.0.40219.1
Project("{8BC9CEB8-8B4A-11D0-8D11-00A0C91BC942}") = "컴프실 과제", "컴프실 과제.vcxproj", "{E179404D-A5B9-4375-98B7-4867A899D9F3}"
EndProject
Project("{8BC9CEB8-8B4A-11D0-8D11-00A0C91BC942}") = "Project2", "..\Project2\Project2.vcxproj", "{1F3FDA39-2820-42C8-A30B-74294BA3D2B9}"
EndProject
Global
	GlobalSection(SolutionConfigurationPlatforms) = preSolution
		Debug|x64 = Debug|x64
		Debug|x86 = Debug|x86
		Release|x64 = Release|x64
		Release|x86 = Release|x86
	EndGlobalSection
	GlobalSection(ProjectConfigurationPlatforms) = postSolution
		{E179404D-A5B9-4375-98B7-4867A899D9F3}.Debug|x64.ActiveCfg = Debug|x64
		{E179404D-A5B9-4375-98B7-4867A899D9F3}.Debug|x64.Build.0 = Debug|x64
		{E179404D-A5B9-4375-98B7-4867A899D9F3}.Debug|x86.ActiveCfg = Debug|Win32
		{E179404D-A5B9-4375-98B7-4867A899D9F3}.Debug|x86.Build.0 = Debug|Win32
		{E179404D-A5B9-4375-98B7-4867A899D9F3}.Release|x64.ActiveCfg = Release|x64
		{E179404D-A5B9-4375-98B7-4867A899D9F3}.Release|x64.Build.0 = Release|x64
		{E179404D-A5B9-4375-98B7-4867A899D9F3}.Release|x86.ActiveCfg = Release|Win32
		{E179404D-A5B9-4375-98B7-4867A899D9F3}.Release|x86.Build.0 = Release|Win32
		{1F3FDA39-2820-42C8-A30B-74294BA3D2B9}.Debug|x64.ActiveCfg = Debug|x64
		{1F3FDA39-2820-42C8-A30B-74294BA3D2B9}.Debug|x64.Build.0 = Debug|x64
		{1F3FDA39-2820-42C8-A30B-74294BA3D2B9}.Debug|x86.ActiveCfg = Debug|Win32
		{1F3FDA39-2820-42C8-A30B-74294BA3D2B9}.Debug|x86.Build.0 = Debug|Win32
		{1F3FDA39-2820-42C8-A30B-74294BA3D2B9}.Release|x64.ActiveCfg = Release|x64
		{1F3FDA39-2820-42C8-A30B-74294BA3D2B9}.Release|x64.Build.0 = Release|x64
		{1F3FDA39-2820-42C8-A30B-74294BA3D2B9}.Release|x86.ActiveCfg = Release|Win32
		{1F3FDA39-2820-42C8-A30B-74294BA3D2B9}.Release|x86.Build.0 = Release|Win32
	EndGlobalSection
	GlobalSection(SolutionProperties) = preSolution
		HideSolutionNode = FALSE
	EndGlobalSection
	GlobalSection(ExtensibilityGlobals) = postSolution
		SolutionGuid = {F1CED357-8B2F-4A17-A9A4-7AF14CFF5495}
	EndGlobalSection
EndGlobal
